// !$*UTF8*$!
{
	archiveVersion = 1;
	classes = {
	};
	objectVersion = 46;
	objects = {

/* Begin PBXBuildFile section */
		39A9A41B1AD4436100EC9834 /* main.m in Sources */ = {isa = PBXBuildFile; fileRef = 39A9A41A1AD4436100EC9834 /* main.m */; };
/* End PBXBuildFile section */

/* Begin PBXCopyFilesBuildPhase section */
		39A9A4151AD4436100EC9834 /* CopyFiles */ = {
			isa = PBXCopyFilesBuildPhase;
			buildActionMask = 2147483647;
			dstPath = /usr/share/man/man1/;
			dstSubfolderSpec = 0;
			files = (
			);
			runOnlyForDeploymentPostprocessing = 1;
		};
/* End PBXCopyFilesBuildPhase section */

/* Begin PBXFileReference section */
		39A9A4171AD4436100EC9834 /* assign3_mytry */ = {isa = PBXFileReference; explicitFileType = "compiled.mach-o.executable"; includeInIndex = 0; path = assign3_mytry; sourceTree = BUILT_PRODUCTS_DIR; };
		39A9A41A1AD4436100EC9834 /* main.m */ = {isa = PBXFileReference; lastKnownFileType = sourcecode.c.objc; path = main.m; sourceTree = "<group>"; };
/* End PBXFileReference section */

/* Begin PBXFrameworksBuildPhase section */
		39A9A4141AD4436100EC9834 /* Frameworks */ = {
			isa = PBXFrameworksBuildPhase;
			buildActionMask = 2147483647;
			files = (
			);
			runOnlyForDeploymentPostprocessing = 0;
		};
/* End PBXFrameworksBuildPhase section */

/* Begin PBXGroup section */
		39A9A40E1AD4436100EC9834 = {
			isa = PBXGroup;
			children = (
				39A9A4191AD4436100EC9834 /* assign3_mytry */,
				39A9A4181AD4436100EC9834 /* Products */,
			);
			sourceTree = "<group>";
		};
		39A9A4181AD4436100EC9834 /* Products */ = {
			isa = PBXGroup;
			children = (
				39A9A4171AD4436100EC9834 /* assign3_mytry */,
			);
			name = Products;
			sourceTree = "<group>";
		};
		39A9A4191AD4436100EC9834 /* assign3_mytry */ = {
			isa = PBXGroup;
			children = (
				39A9A41A1AD4436100EC9834 /* main.m */,
			);
			path = assign3_mytry;
			sourceTree = "<group>";
		};
/* End PBXGroup section */

/* Begin PBXNativeTarget section */
		39A9A4161AD4436100EC9834 /* assign3_mytry */ = {
			isa = PBXNativeTarget;
			buildConfigurationList = 39A9A41E1AD4436100EC9834 /* Build configuration list for PBXNativeTarget "assign3_mytry" */;
			buildPhases = (
				39A9A4131AD4436100EC9834 /* Sources */,
				39A9A4141AD4436100EC9834 /* Frameworks */,
				39A9A4151AD4436100EC9834 /* CopyFiles */,
			);
			buildRules = (
			);
			dependencies = (
			);
			name = assign3_mytry;
			productName = assign3_mytry;
			productReference = 39A9A4171AD4436100EC9834 /* assign3_mytry */;
			productType = "com.apple.product-type.tool";
		};
/* End PBXNativeTarget section */

/* Begin PBXProject section */
		39A9A40F1AD4436100EC9834 /* Project object */ = {
			isa = PBXProject;
			attributes = {
				LastUpgradeCheck = 0620;
				ORGANIZATIONNAME = "Frank Desimini";
				TargetAttributes = {
					39A9A4161AD4436100EC9834 = {
						CreatedOnToolsVersion = 6.2;
					};
				};
			};
			buildConfigurationList = 39A9A4121AD4436100EC9834 /* Build configuration list for PBXProject "assign3_mytry" */;
			compatibilityVersion = "Xcode 3.2";
			developmentRegion = English;
			hasScannedForEncodings = 0;
			knownRegions = (
				en,
			);
			mainGroup = 39A9A40E1AD4436100EC9834;
			productRefGroup = 39A9A4181AD4436100EC9834 /* Products */;
			projectDirPath = "";
			projectRoot = "";
			targets = (
				39A9A4161AD4436100EC9834 /* assign3_mytry */,
			);
		};
/* End PBXProject section */

/* Begin PBXSourcesBuildPhase section */
		39A9A4131AD4436100EC9834 /* Sources */ = {
			isa = PBXSourcesBuildPhase;
			buildActionMask = 2147483647;
			files = (
				39A9A41B1AD4436100EC9834 /* main.m in Sources */,
			);
			runOnlyForDeploymentPostprocessing = 0;
		};
/* End PBXSourcesBuildPhase section */

/* Begin XCBuildConfiguration section */
		39A9A41C1AD4436100EC9834 /* Debug */ = {
			isa = XCBuildConfiguration;
			buildSettings = {
				ALWAYS_SEARCH_USER_PATHS = NO;
				CLANG_CXX_LANGUAGE_STANDARD = "gnu++0x";
				CLANG_CXX_LIBRARY = "libc++";
				CLANG_ENABLE_MODULES = YES;
				CLANG_ENABLE_OBJC_ARC = YES;
				CLANG_WARN_BOOL_CONVERSION = YES;
				CLANG_WARN_CONSTANT_CONVERSION = YES;
				CLANG_WARN_DIRECT_OBJC_ISA_USAGE = YES_ERROR;
				CLANG_WARN_EMPTY_BODY = YES;
				CLANG_WARN_ENUM_CONVERSION = YES;
				CLANG_WARN_INT_CONVERSION = YES;
				CLANG_WARN_OBJC_ROOT_CLASS = YES_ERROR;
				CLANG_WARN_UNREACHABLE_CODE = YES;
				CLANG_WARN__DUPLICATE_METHOD_MATCH = YES;
				COPY_PHASE_STRIP = NO;
				ENABLE_STRICT_OBJC_MSGSEND = YES;
				GCC_C_LANGUAGE_STANDARD = gnu99;
				GCC_DYNAMIC_NO_PIC = NO;
				GCC_OPTIMIZATION_LEVEL = 0;
				GCC_PREPROCESSOR_DEFINITIONS = (
					"DEBUG=1",
					"$(inherited)",
				);
				GCC_SYMBOLS_PRIVATE_EXTERN = NO;
				GCC_WARN_64_TO_32_BIT_CONVERSION = YES;
				GCC_WARN_ABOUT_RETURN_TYPE = YES_ERROR;
				GCC_WARN_UNDECLARED_SELECTOR = YES;
				GCC_WARN_UNINITIALIZED_AUTOS = YES_AGGRESSIVE;
				GCC_WARN_UNUSED_FUNCTION = YES;
				GCC_WARN_UNUSED_VARIABLE = YES;
				MACOSX_DEPLOYMENT_TARGET = 10.10;
				MTL_ENABLE_DEBUG_INFO = YES;
				ONLY_ACTIVE_ARCH = YES;
				SDKROOT = macosx;
			};
			name = Debug;
		};
		39A9A41D1AD4436100EC9834 /* Release */ = {
			isa = XCBuildConfiguration;
			buildSettings = {
				ALWAYS_SEARCH_USER_PATHS = NO;
				CLANG_CXX_LANGUAGE_STANDARD = "gnu++0x";
				CLANG_CXX_LIBRARY = "libc++";
				CLANG_ENABLE_MODULES = YES;
				CLANG_ENABLE_OBJC_ARC = YES;
				CLANG_WARN_BOOL_CONVERSION = YES;
				CLANG_WARN_CONSTANT_CONVERSION = YES;
				CLANG_WARN_DIRECT_OBJC_ISA_USAGE = YES_ERROR;
				CLANG_WARN_EMPTY_BODY = YES;
				CLANG_WARN_ENUM_CONVERSION = YES;
				CLANG_WARN_INT_CONVERSION = YES;
				CLANG_WARN_OBJC_ROOT_CLASS = YES_ERROR;
				CLANG_WARN_UNREACHABLE_CODE = YES;
				CLANG_WARN__DUPLICATE_METHOD_MATCH = YES;
				COPY_PHASE_STRIP = NO;
				DEBUG_INFORMATION_FORMAT = "dwarf-with-dsym";
				ENABLE_NS_ASSERTIONS = NO;
				ENABLE_STRICT_OBJC_MSGSEND = YES;
				GCC_C_LANGUAGE_STANDARD = gnu99;
				GCC_WARN_64_TO_32_BIT_CONVERSION = YES;
				GCC_WARN_ABOUT_RETURN_TYPE = YES_ERROR;
				GCC_WARN_UNDECLARED_SELECTOR = YES;
				GCC_WARN_UNINITIALIZED_AUTOS = YES_AGGRESSIVE;
				GCC_WARN_UNUSED_FUNCTION = YES;
				GCC_WARN_UNUSED_VARIABLE = YES;
				MACOSX_DEPLOYMENT_TARGET = 10.10;
				MTL_ENABLE_DEBUG_INFO = NO;
				SDKROOT = macosx;
			};
			name = Release;
		};
		39A9A41F1AD4436100EC9834 /* Debug */ = {
			isa = XCBuildConfiguration;
			buildSettings = {
				PRODUCT_NAME = "$(TARGET_NAME)";
			};
			name = Debug;
		};
		39A9A4201AD4436100EC9834 /* Release */ = {
			isa = XCBuildConfiguration;
			buildSettings = {
				PRODUCT_NAME = "$(TARGET_NAME)";
			};
			name = Release;
		};
/* End XCBuildConfiguration section */

/* Begin XCConfigurationList section */
		39A9A4121AD4436100EC9834 /* Build configuration list for PBXProject "assign3_mytry" */ = {
			isa = XCConfigurationList;
			buildConfigurations = (
				39A9A41C1AD4436100EC9834 /* Debug */,
				39A9A41D1AD4436100EC9834 /* Release */,
			);
			defaultConfigurationIsVisible = 0;
			defaultConfigurationName = Release;
		};
		39A9A41E1AD4436100EC9834 /* Build configuration list for PBXNativeTarget "assign3_mytry" */ = {
			isa = XCConfigurationList;
			buildConfigurations = (
				39A9A41F1AD4436100EC9834 /* Debug */,
				39A9A4201AD4436100EC9834 /* Release */,
			);
			defaultConfigurationIsVisible = 0;
		};
/* End XCConfigurationList section */
	};
	rootObject = 39A9A40F1AD4436100EC9834 /* Project object */;
}
